# generated by rye
# use `rye lock` or `rye sync` to update this lockfile
#
# last locked with the following flags:
#   pre: false
#   features: []
#   all-features: false
#   with-sources: false
#   generate-hashes: false

-e file:src/mitol/authentication
-e file:src/mitol/common
-e file:src/mitol/digitalcredentials
-e file:src/mitol/geoip
-e file:src/mitol/google_sheets
-e file:src/mitol/google_sheets_deferrals
-e file:src/mitol/google_sheets_refunds
-e file:src/mitol/hubspot_api
-e file:src/mitol/mail
-e file:src/mitol/oauth_toolkit_extensions
-e file:src/mitol/olposthog
-e file:src/mitol/openedx
-e file:src/mitol/payment_gateway
asgiref==3.8.1
    # via django
asttokens==2.4.1
    # via stack-data
async-timeout==4.0.3
    # via redis
attrs==23.2.0
    # via scriv
backoff==2.2.1
    # via posthog
beautifulsoup4==4.12.3
bumpver==2023.1129
cachetools==5.3.3
    # via google-auth
    # via premailer
certifi==2024.6.2
    # via cybersource-rest-client-python
    # via hubspot-api-client
    # via requests
cffi==1.16.0
    # via cryptography
charset-normalizer==3.3.2
    # via requests
click==8.1.7
    # via bumpver
    # via click-log
    # via cloup
    # via scriv
click-log==0.4.0
    # via scriv
cloup==3.0.5
colorama==0.4.6
    # via bumpver
coverage==5.3
    # via pytest-cov
cryptography==41.0.7
    # via cybersource-rest-client-python
    # via jwcrypto
    # via pyopenssl
    # via social-auth-core
cssselect==1.2.0
    # via premailer
cssutils==2.11.1
    # via premailer
cybersource-rest-client-python==0.0.55
datetime==5.5
    # via cybersource-rest-client-python
decorator==5.1.1
    # via ipdb
    # via ipython
defusedxml==0.7.1
    # via python3-openid
    # via social-auth-core
dj-database-url==2.2.0
django==4.2.13
    # via dj-database-url
    # via django-anymail
    # via django-oauth-toolkit
    # via django-redis
    # via djangorestframework
    # via djangorestframework-simplejwt
    # via djoser
    # via social-auth-app-django
django-anymail==10.3
django-oauth-toolkit==2.4.0
django-redis==5.0.0
django-templated-mail==1.1.1
    # via djoser
django-webpack-loader==3.1.0
djangorestframework==3.15.1
    # via djangorestframework-simplejwt
djangorestframework-simplejwt==5.3.1
    # via djoser
djoser==2.2.2
dnspython==2.6.1
    # via pymongo
edx-opaque-keys==2.2.2
exceptiongroup==1.2.1
    # via ipython
    # via pytest
executing==2.0.1
    # via stack-data
factory-boy==3.3.0
faker==4.17.1
    # via factory-boy
freezegun==1.0.0
gitdb==4.0.11
    # via gitpython
gitpython==3.1.43
google-api-python-client==1.7.11
    # via pygsheets
google-auth==1.6.3
    # via google-api-python-client
    # via google-auth-httplib2
    # via google-auth-oauthlib
google-auth-httplib2==0.2.0
    # via google-api-python-client
google-auth-oauthlib==0.5.3
    # via pygsheets
html5lib==1.1
httplib2==0.22.0
    # via google-api-python-client
    # via google-auth-httplib2
hubspot-api-client==6.1.0
idna==3.7
    # via requests
iniconfig==2.0.0
    # via pytest
ipdb==0.13.13
ipython==8.18.1
    # via ipdb
isodate==0.6.1
    # via python3-saml
jedi==0.19.1
    # via ipython
jinja2==3.1.4
    # via scriv
jwcrypto==1.5.6
    # via cybersource-rest-client-python
    # via django-oauth-toolkit
lexid==2021.1006
    # via bumpver
looseversion==1.3.0
    # via bumpver
lxml==5.2.2
    # via premailer
    # via python3-saml
    # via xmlsec
markdown-it-py==3.0.0
    # via scriv
markupsafe==2.1.5
    # via jinja2
matplotlib-inline==0.1.7
    # via ipython
mdurl==0.1.2
    # via markdown-it-py
monotonic==1.6
    # via posthog
more-itertools==10.2.0
    # via cssutils
mypy==1.10.0
mypy-extensions==1.0.0
    # via mypy
oauthlib==3.2.2
    # via django-oauth-toolkit
    # via requests-oauthlib
    # via social-auth-core
packaging==24.0
    # via pytest
parso==0.8.4
    # via jedi
pbr==6.0.0
    # via stevedore
pexpect==4.9.0
    # via ipython
pluggy==0.13.1
    # via pytest
posthog==3.5.0
premailer==3.10.0
prompt-toolkit==3.0.46
    # via ipython
psycopg2-binary==2.9.9
ptyprocess==0.7.0
    # via pexpect
pure-eval==0.2.2
    # via stack-data
pyasn1==0.6.0
    # via pyasn1-modules
    # via rsa
pyasn1-modules==0.4.0
    # via google-auth
pycparser==2.22
    # via cffi
pycryptodome==3.20.0
    # via cybersource-rest-client-python
pygments==2.18.0
    # via ipython
pygsheets==2.0.2
pyjwt==2.8.0
    # via cybersource-rest-client-python
    # via djangorestframework-simplejwt
    # via social-auth-core
pymongo==4.7.3
    # via edx-opaque-keys
pyopenssl==23.2.0
    # via cybersource-rest-client-python
pyparsing==3.1.2
    # via httplib2
pytest==7.4.4
    # via pytest-cov
    # via pytest-django
    # via pytest-lazy-fixture
    # via pytest-mock
pytest-cov==2.10.1
pytest-django==3.10.0
pytest-lazy-fixture==0.6.3
pytest-mock==1.10.1
python-dateutil==2.9.0.post0
    # via faker
    # via freezegun
    # via hubspot-api-client
    # via posthog
python3-openid==3.2.0
    # via social-auth-core
python3-saml==1.16.0
pytz==2024.1
    # via datetime
    # via django-oauth-toolkit
redis==5.0.4
    # via django-redis
requests==2.32.3
    # via django-anymail
    # via django-oauth-toolkit
    # via posthog
    # via premailer
    # via requests-oauthlib
    # via responses
    # via scriv
    # via social-auth-core
requests-oauthlib==2.0.0
    # via google-auth-oauthlib
    # via social-auth-core
responses==0.12.1
rsa==4.9
    # via google-auth
ruff==0.4.8
scriv==1.5.1
semver==3.0.2
setuptools==70.0.0
    # via cybersource-rest-client-python
    # via zope-interface
six==1.16.0
    # via asttokens
    # via cybersource-rest-client-python
    # via google-api-python-client
    # via google-auth
    # via html5lib
    # via hubspot-api-client
    # via isodate
    # via posthog
    # via python-dateutil
    # via responses
smmap==5.0.1
    # via gitdb
social-auth-app-django==5.4.1
    # via djoser
social-auth-core==4.5.4
    # via social-auth-app-django
soupsieve==2.5
    # via beautifulsoup4
sqlparse==0.5.0
    # via django
stack-data==0.6.3
    # via ipython
stevedore==5.2.0
    # via edx-opaque-keys
text-unidecode==1.3
    # via faker
toml==0.10.2
    # via bumpver
tomli==2.0.1
    # via ipdb
    # via mypy
    # via pytest
    # via scriv
toolz==0.12.1
traitlets==5.14.3
    # via ipython
    # via matplotlib-inline
typing-extensions==4.12.1
    # via asgiref
    # via dj-database-url
    # via ipython
    # via jwcrypto
    # via mypy
uritemplate==3.0.1
    # via google-api-python-client
urllib3==2.2.1
    # via cybersource-rest-client-python
    # via django-anymail
    # via hubspot-api-client
    # via requests
    # via responses
wcwidth==0.2.13
    # via prompt-toolkit
webencodings==0.5.1
    # via html5lib
xmlsec==1.3.14
    # via python3-saml
zope-interface==6.4.post2
    # via datetime
