// This lockfile was autogenerated by Pants. To regenerate, run:
//
//    ./pants generate-lockfiles --resolve=black
//
// --- BEGIN PANTS LOCKFILE METADATA: DO NOT EDIT OR REMOVE ---
// {
//   "version": 3,
//   "valid_for_interpreter_constraints": [
//     "CPython<4,>=3.7"
//   ],
//   "generated_with_requirements": [
//     "black==22.12.0",
//     "typing-extensions>=3.10.0.0; python_version < \"3.10\""
//   ],
//   "manylinux": "manylinux2014",
//   "requirement_constraints": [],
//   "only_binary": [],
//   "no_binary": []
// }
// --- END PANTS LOCKFILE METADATA ---

{
  "allow_builds": true,
  "allow_prereleases": false,
  "allow_wheels": true,
  "build_isolation": true,
  "constraints": [],
  "locked_resolves": [
    {
      "locked_requirements": [
        {
          "artifacts": [
            {
              "algorithm": "sha256",
              "hash": "436cc9167dd28040ad90d3b404aec22cedf24a6e4d7de221bec2730ec0c97bcf",
              "url": "https://files.pythonhosted.org/packages/0c/51/1f7f93c0555eaf4cbb628e26ba026e3256174a45bd9397ff1ea7cf96bad5/black-22.12.0-py3-none-any.whl"
            },
            {
              "algorithm": "sha256",
              "hash": "77d86c9f3db9b1bf6761244bc0b3572a546f5fe37917a044e02f3166d5aafa7d",
              "url": "https://files.pythonhosted.org/packages/54/44/6d5f9af3c14da013754021e28eacc873e6ecbe877b2540e37346579398c8/black-22.12.0-cp38-cp38-manylinux_2_17_x86_64.manylinux2014_x86_64.whl"
            },
            {
              "algorithm": "sha256",
              "hash": "9eedd20838bd5d75b80c9f5487dbcb06836a43833a37846cf1d8c1cc01cef59d",
              "url": "https://files.pythonhosted.org/packages/79/d9/60852a6fc2f85374db20a9767dacfe50c2172eb8388f46018c8daf836995/black-22.12.0-cp310-cp310-manylinux_2_17_x86_64.manylinux2014_x86_64.whl"
            },
            {
              "algorithm": "sha256",
              "hash": "229351e5a18ca30f447bf724d007f890f97e13af070bb6ad4c0a441cd7596a2f",
              "url": "https://files.pythonhosted.org/packages/a6/59/e873cc6807fb62c11131e5258ca15577a3b7452abad08dc49286cf8245e8/black-22.12.0.tar.gz"
            },
            {
              "algorithm": "sha256",
              "hash": "101c69b23df9b44247bd88e1d7e90154336ac4992502d4197bdac35dd7ee3320",
              "url": "https://files.pythonhosted.org/packages/ba/32/954bcc56b2b3b4ef52a086e3c0bdbad88a38c9e739feb19dd2e6294cda42/black-22.12.0-cp39-cp39-manylinux_2_17_x86_64.manylinux2014_x86_64.whl"
            },
            {
              "algorithm": "sha256",
              "hash": "d30b212bffeb1e252b31dd269dfae69dd17e06d92b87ad26e23890f3efea366f",
              "url": "https://files.pythonhosted.org/packages/e9/e0/6aa02d14785c4039b38bfed6f9ee28a952b2d101c64fc97b15811fa8bd04/black-22.12.0-cp311-cp311-manylinux_2_17_x86_64.manylinux2014_x86_64.whl"
            },
            {
              "algorithm": "sha256",
              "hash": "c116eed0efb9ff870ded8b62fe9f28dd61ef6e9ddd28d83d7d264a38417dcee2",
              "url": "https://files.pythonhosted.org/packages/f1/b7/6de002378cfe0b83beba72f0a7875dfb6005b2a214ac9f9ca689583069ef/black-22.12.0-cp37-cp37m-manylinux_2_17_x86_64.manylinux2014_x86_64.whl"
            }
          ],
          "project_name": "black",
          "requires_dists": [
            "aiohttp>=3.7.4; extra == \"d\"",
            "click>=8.0.0",
            "colorama>=0.4.3; extra == \"colorama\"",
            "ipython>=7.8.0; extra == \"jupyter\"",
            "mypy-extensions>=0.4.3",
            "pathspec>=0.9.0",
            "platformdirs>=2",
            "tokenize-rt>=3.2.0; extra == \"jupyter\"",
            "tomli>=1.1.0; python_full_version < \"3.11.0a7\"",
            "typed-ast>=1.4.2; python_version < \"3.8\" and implementation_name == \"cpython\"",
            "typing-extensions>=3.10.0.0; python_version < \"3.10\"",
            "uvloop>=0.15.2; extra == \"uvloop\""
          ],
          "requires_python": ">=3.7",
          "version": "22.12"
        },
        {
          "artifacts": [
            {
              "algorithm": "sha256",
              "hash": "bb4d8133cb15a609f44e8213d9b391b0809795062913b383c62be0ee95b1db48",
              "url": "https://files.pythonhosted.org/packages/c2/f1/df59e28c642d583f7dacffb1e0965d0e00b218e0186d7858ac5233dce840/click-8.1.3-py3-none-any.whl"
            },
            {
              "algorithm": "sha256",
              "hash": "7682dc8afb30297001674575ea00d1814d808d6a36af415a82bd481d37ba7b8e",
              "url": "https://files.pythonhosted.org/packages/59/87/84326af34517fca8c58418d148f2403df25303e02736832403587318e9e8/click-8.1.3.tar.gz"
            }
          ],
          "project_name": "click",
          "requires_dists": [
            "colorama; platform_system == \"Windows\"",
            "importlib-metadata; python_version < \"3.8\""
          ],
          "requires_python": ">=3.7",
          "version": "8.1.3"
        },
        {
          "artifacts": [
            {
              "algorithm": "sha256",
              "hash": "7efb448ec9a5e313a57655d35aa54cd3e01b7e1fbcf72dce1bf06119420f5bad",
              "url": "https://files.pythonhosted.org/packages/26/a7/9da7d5b23fc98ab3d424ac2c65613d63c1f401efb84ad50f2fa27b2caab4/importlib_metadata-6.0.0-py3-none-any.whl"
            },
            {
              "algorithm": "sha256",
              "hash": "e354bedeb60efa6affdcc8ae121b73544a7aa74156d047311948f6d711cd378d",
              "url": "https://files.pythonhosted.org/packages/90/07/6397ad02d31bddf1841c9ad3ec30a693a3ff208e09c2ef45c9a8a5f85156/importlib_metadata-6.0.0.tar.gz"
            }
          ],
          "project_name": "importlib-metadata",
          "requires_dists": [
            "flake8<5; extra == \"testing\"",
            "flufl.flake8; extra == \"testing\"",
            "furo; extra == \"docs\"",
            "importlib-resources>=1.3; python_version < \"3.9\" and extra == \"testing\"",
            "ipython; extra == \"perf\"",
            "jaraco.packaging>=9; extra == \"docs\"",
            "jaraco.tidelift>=1.4; extra == \"docs\"",
            "packaging; extra == \"testing\"",
            "pyfakefs; extra == \"testing\"",
            "pytest-black>=0.3.7; platform_python_implementation != \"PyPy\" and extra == \"testing\"",
            "pytest-checkdocs>=2.4; extra == \"testing\"",
            "pytest-cov; extra == \"testing\"",
            "pytest-enabler>=1.3; extra == \"testing\"",
            "pytest-flake8; python_version < \"3.12\" and extra == \"testing\"",
            "pytest-mypy>=0.9.1; platform_python_implementation != \"PyPy\" and extra == \"testing\"",
            "pytest-perf>=0.9.2; extra == \"testing\"",
            "pytest>=6; extra == \"testing\"",
            "rst.linker>=1.9; extra == \"docs\"",
            "sphinx-lint; extra == \"docs\"",
            "sphinx>=3.5; extra == \"docs\"",
            "typing-extensions>=3.6.4; python_version < \"3.8\"",
            "zipp>=0.5"
          ],
          "requires_python": ">=3.7",
          "version": "6"
        },
        {
          "artifacts": [
            {
              "algorithm": "sha256",
              "hash": "090fedd75945a69ae91ce1303b5824f428daf5a028d2f6ab8a299250a846f15d",
              "url": "https://files.pythonhosted.org/packages/5c/eb/975c7c080f3223a5cdaff09612f3a5221e4ba534f7039db34c35d95fa6a5/mypy_extensions-0.4.3-py2.py3-none-any.whl"
            },
            {
              "algorithm": "sha256",
              "hash": "2d82818f5bb3e369420cb3c4060a7970edba416647068eb4c5343488a6c604a8",
              "url": "https://files.pythonhosted.org/packages/63/60/0582ce2eaced55f65a4406fc97beba256de4b7a95a0034c6576458c6519f/mypy_extensions-0.4.3.tar.gz"
            }
          ],
          "project_name": "mypy-extensions",
          "requires_dists": [
            "typing>=3.5.3; python_version < \"3.5\""
          ],
          "requires_python": null,
          "version": "0.4.3"
        },
        {
          "artifacts": [
            {
              "algorithm": "sha256",
              "hash": "3c95343af8b756205e2aba76e843ba9520a24dd84f68c22b9f93251507509dd6",
              "url": "https://files.pythonhosted.org/packages/3c/29/c07c3a976dbe37c56e381e058c11e8738cb3a0416fc842a310461f8bb695/pathspec-0.10.3-py3-none-any.whl"
            },
            {
              "algorithm": "sha256",
              "hash": "56200de4077d9d0791465aa9095a01d421861e405b5096955051deefd697d6f6",
              "url": "https://files.pythonhosted.org/packages/32/1a/6baf904503c3e943cae9605c9c88a43b964dea5b59785cf956091b341b08/pathspec-0.10.3.tar.gz"
            }
          ],
          "project_name": "pathspec",
          "requires_dists": [],
          "requires_python": ">=3.7",
          "version": "0.10.3"
        },
        {
          "artifacts": [
            {
              "algorithm": "sha256",
              "hash": "83c8f6d04389165de7c9b6f0c682439697887bca0aa2f1c87ef1826be3584490",
              "url": "https://files.pythonhosted.org/packages/c1/c7/9be9d651b93efce682b45142a6267034fc4215972780748618c02e236361/platformdirs-2.6.2-py3-none-any.whl"
            },
            {
              "algorithm": "sha256",
              "hash": "e1fea1fe471b9ff8332e229df3cb7de4f53eeea4998d3b6bfff542115e998bd2",
              "url": "https://files.pythonhosted.org/packages/cf/4d/198b7e6c6c2b152f4f9f4cdf975d3590e33e63f1920f2d89af7f0390e6db/platformdirs-2.6.2.tar.gz"
            }
          ],
          "project_name": "platformdirs",
          "requires_dists": [
            "appdirs==1.4.4; extra == \"test\"",
            "covdefaults>=2.2.2; extra == \"test\"",
            "furo>=2022.12.7; extra == \"docs\"",
            "proselint>=0.13; extra == \"docs\"",
            "pytest-cov>=4; extra == \"test\"",
            "pytest-mock>=3.10; extra == \"test\"",
            "pytest>=7.2; extra == \"test\"",
            "sphinx-autodoc-typehints>=1.19.5; extra == \"docs\"",
            "sphinx>=5.3; extra == \"docs\"",
            "typing-extensions>=4.4; python_version < \"3.8\""
          ],
          "requires_python": ">=3.7",
          "version": "2.6.2"
        },
        {
          "artifacts": [
            {
              "algorithm": "sha256",
              "hash": "939de3e7a6161af0c887ef91b7d41a53e7c5a1ca976325f429cb46ea9bc30ecc",
              "url": "https://files.pythonhosted.org/packages/97/75/10a9ebee3fd790d20926a90a2547f0bf78f371b2f13aa822c759680ca7b9/tomli-2.0.1-py3-none-any.whl"
            },
            {
              "algorithm": "sha256",
              "hash": "de526c12914f0c550d15924c62d72abc48d6fe7364aa87328337a31007fe8a4f",
              "url": "https://files.pythonhosted.org/packages/c0/3f/d7af728f075fb08564c5949a9c95e44352e23dee646869fa104a3b2060a3/tomli-2.0.1.tar.gz"
            }
          ],
          "project_name": "tomli",
          "requires_dists": [],
          "requires_python": ">=3.7",
          "version": "2.0.1"
        },
        {
          "artifacts": [
            {
              "algorithm": "sha256",
              "hash": "98f80dee3c03455e92796b58b98ff6ca0b2a6f652120c263efdba4d6c5e58f72",
              "url": "https://files.pythonhosted.org/packages/d8/4e/db9505b53c44d7bc324a3d2e09bdf82b0943d6e08b183ae382860f482a87/typed_ast-1.5.4-cp39-cp39-manylinux_2_5_x86_64.manylinux1_x86_64.manylinux_2_12_x86_64.manylinux2010_x86_64.whl"
            },
            {
              "algorithm": "sha256",
              "hash": "6778e1b2f81dfc7bc58e4b259363b83d2e509a65198e85d5700dfae4c6c8ff1c",
              "url": "https://files.pythonhosted.org/packages/04/93/482d12fd3334b53ec4087e658ab161ab23affcf8b052166b4cf972ca673b/typed_ast-1.5.4-cp37-cp37m-manylinux_2_5_x86_64.manylinux1_x86_64.manylinux_2_12_x86_64.manylinux2010_x86_64.whl"
            },
            {
              "algorithm": "sha256",
              "hash": "39e21ceb7388e4bb37f4c679d72707ed46c2fbf2a5609b8b8ebc4b067d977df2",
              "url": "https://files.pythonhosted.org/packages/07/d2/d55702e8deba2c80282fea0df53130790d8f398648be589750954c2dcce4/typed_ast-1.5.4.tar.gz"
            },
            {
              "algorithm": "sha256",
              "hash": "3e123d878ba170397916557d31c8f589951e353cc95fb7f24f6bb69adc1a8a97",
              "url": "https://files.pythonhosted.org/packages/0b/e7/8ec06fc870254889198f933a595f139b7871b24bab1116d6128440731ea9/typed_ast-1.5.4-cp39-cp39-macosx_11_0_arm64.whl"
            },
            {
              "algorithm": "sha256",
              "hash": "669dd0c4167f6f2cd9f57041e03c3c2ebf9063d0757dc89f79ba1daa2bfca9d4",
              "url": "https://files.pythonhosted.org/packages/0f/59/430b86961d63278fcbced5ba72655ee93aa35e8e908bad4ff138480eb25d/typed_ast-1.5.4-cp310-cp310-macosx_10_9_x86_64.whl"
            },
            {
              "algorithm": "sha256",
              "hash": "7d5d014b7daa8b0bf2eaef684295acae12b036d79f54178b92a2b6a56f92278f",
              "url": "https://files.pythonhosted.org/packages/2f/87/25abe9558ed6cbd83ad5bfdccf7210a7eefaaf0232f86de99f65992e91fd/typed_ast-1.5.4-cp38-cp38-macosx_11_0_arm64.whl"
            },
            {
              "algorithm": "sha256",
              "hash": "ebd9d7f80ccf7a82ac5f88c521115cc55d84e35bf8b446fcd7836eb6b98929a3",
              "url": "https://files.pythonhosted.org/packages/2f/d5/02059fe6ca70b11bb831007962323160372ca83843e0bf296e8b6d833198/typed_ast-1.5.4-cp39-cp39-manylinux_2_17_aarch64.manylinux2014_aarch64.whl"
            },
            {
              "algorithm": "sha256",
              "hash": "cf4afcfac006ece570e32d6fa90ab74a17245b83dfd6655a6f68568098345ff6",
              "url": "https://files.pythonhosted.org/packages/34/2d/17fc1845dd5210345904b054c9fa90f451d64df56de0470f429bc8d63d39/typed_ast-1.5.4-cp37-cp37m-macosx_10_9_x86_64.whl"
            },
            {
              "algorithm": "sha256",
              "hash": "4e964b4ff86550a7a7d56345c7864b18f403f5bd7380edf44a3c1fb4ee7ac6c6",
              "url": "https://files.pythonhosted.org/packages/40/1a/5731a1a3908f60032aead10c2ffc9af12ee708bc9a156ed14a5065a9873a/typed_ast-1.5.4-cp38-cp38-manylinux_2_5_x86_64.manylinux1_x86_64.manylinux_2_12_x86_64.manylinux2010_x86_64.whl"
            },
            {
              "algorithm": "sha256",
              "hash": "211260621ab1cd7324e0798d6be953d00b74e0428382991adfddb352252f1d62",
              "url": "https://files.pythonhosted.org/packages/48/6c/d96a545d337589dc5d7ecc0f8991122800ffec8dc10a24090619883b515e/typed_ast-1.5.4-cp310-cp310-macosx_11_0_arm64.whl"
            },
            {
              "algorithm": "sha256",
              "hash": "370788a63915e82fd6f212865a596a0fefcbb7d408bbbb13dea723d971ed8bdc",
              "url": "https://files.pythonhosted.org/packages/78/18/3ecf5043f227ebd4a43af57e18e6a38f9fe0b81dbfbb8d62eec669d7b69e/typed_ast-1.5.4-cp38-cp38-manylinux_2_17_aarch64.manylinux2014_aarch64.whl"
            },
            {
              "algorithm": "sha256",
              "hash": "267e3f78697a6c00c689c03db4876dd1efdfea2f251a5ad6555e82a26847b4ac",
              "url": "https://files.pythonhosted.org/packages/96/35/612258bab9e1867b28e3137910df35576b7b0fbb9b6f3013cc23435a79ed/typed_ast-1.5.4-cp310-cp310-manylinux_2_17_aarch64.manylinux2014_aarch64.whl"
            },
            {
              "algorithm": "sha256",
              "hash": "2efae9db7a8c05ad5547d522e7dbe62c83d838d3906a3716d1478b6c1d61388d",
              "url": "https://files.pythonhosted.org/packages/9b/d5/5540eb496c6817eaee8120fb759c7adb36f91ef647c6bb2877f09acc0569/typed_ast-1.5.4-cp38-cp38-macosx_10_9_x86_64.whl"
            },
            {
              "algorithm": "sha256",
              "hash": "c542eeda69212fa10a7ada75e668876fdec5f856cd3d06829e6aa64ad17c8dfe",
              "url": "https://files.pythonhosted.org/packages/c4/90/dacf9226b34961277f357c17c33b7cae3f05a5f5b8a1d23bd630d7a97a36/typed_ast-1.5.4-cp310-cp310-manylinux_2_5_x86_64.manylinux1_x86_64.manylinux_2_12_x86_64.manylinux2010_x86_64.whl"
            },
            {
              "algorithm": "sha256",
              "hash": "ed855bbe3eb3715fca349c80174cfcfd699c2f9de574d40527b8429acae23a66",
              "url": "https://files.pythonhosted.org/packages/dd/87/09764c19a60a192b935579c93a07e781f6a52def10b723c8c5748e69a863/typed_ast-1.5.4-cp37-cp37m-manylinux_2_17_aarch64.manylinux2014_aarch64.whl"
            },
            {
              "algorithm": "sha256",
              "hash": "4879da6c9b73443f97e731b617184a596ac1235fe91f98d279a7af36c796da35",
              "url": "https://files.pythonhosted.org/packages/f9/57/89ac0020d5ffc762487376d0c78e5d02af795657f18c411155b73de3c765/typed_ast-1.5.4-cp39-cp39-macosx_10_9_x86_64.whl"
            }
          ],
          "project_name": "typed-ast",
          "requires_dists": [],
          "requires_python": ">=3.6",
          "version": "1.5.4"
        },
        {
          "artifacts": [
            {
              "algorithm": "sha256",
              "hash": "16fa4864408f655d35ec496218b85f79b3437c829e93320c7c9215ccfd92489e",
              "url": "https://files.pythonhosted.org/packages/0b/8e/f1a0a5a76cfef77e1eb6004cb49e5f8d72634da638420b9ea492ce8305e8/typing_extensions-4.4.0-py3-none-any.whl"
            },
            {
              "algorithm": "sha256",
              "hash": "1511434bb92bf8dd198c12b1cc812e800d4181cfcb867674e0f8279cc93087aa",
              "url": "https://files.pythonhosted.org/packages/e3/a7/8f4e456ef0adac43f452efc2d0e4b242ab831297f1bac60ac815d37eb9cf/typing_extensions-4.4.0.tar.gz"
            }
          ],
          "project_name": "typing-extensions",
          "requires_dists": [],
          "requires_python": ">=3.7",
          "version": "4.4"
        },
        {
          "artifacts": [
            {
              "algorithm": "sha256",
              "hash": "83a28fcb75844b5c0cdaf5aa4003c2d728c77e05f5aeabe8e95e56727005fbaa",
              "url": "https://files.pythonhosted.org/packages/d8/20/256eb3f3f437c575fb1a2efdce5e801a5ce3162ea8117da96c43e6ee97d8/zipp-3.11.0-py3-none-any.whl"
            },
            {
              "algorithm": "sha256",
              "hash": "a7a22e05929290a67401440b39690ae6563279bced5f314609d9d03798f56766",
              "url": "https://files.pythonhosted.org/packages/8e/b3/8b16a007184714f71157b1a71bbe632c5d66dd43bc8152b3c799b13881e1/zipp-3.11.0.tar.gz"
            }
          ],
          "project_name": "zipp",
          "requires_dists": [
            "flake8<5; extra == \"testing\"",
            "func-timeout; extra == \"testing\"",
            "furo; extra == \"docs\"",
            "jaraco.functools; extra == \"testing\"",
            "jaraco.itertools; extra == \"testing\"",
            "jaraco.packaging>=9; extra == \"docs\"",
            "jaraco.tidelift>=1.4; extra == \"docs\"",
            "more-itertools; extra == \"testing\"",
            "pytest-black>=0.3.7; platform_python_implementation != \"PyPy\" and extra == \"testing\"",
            "pytest-checkdocs>=2.4; extra == \"testing\"",
            "pytest-cov; extra == \"testing\"",
            "pytest-enabler>=1.3; extra == \"testing\"",
            "pytest-flake8; python_version < \"3.12\" and extra == \"testing\"",
            "pytest-mypy>=0.9.1; platform_python_implementation != \"PyPy\" and extra == \"testing\"",
            "pytest>=6; extra == \"testing\"",
            "rst.linker>=1.9; extra == \"docs\"",
            "sphinx>=3.5; extra == \"docs\""
          ],
          "requires_python": ">=3.7",
          "version": "3.11"
        }
      ],
      "platform_tag": null
    }
  ],
  "path_mappings": {},
  "pex_version": "2.1.108",
  "pip_version": "20.3.4-patched",
  "prefer_older_binary": false,
  "requirements": [
    "black==22.12.0",
    "typing-extensions>=3.10.0.0; python_version < \"3.10\""
  ],
  "requires_python": [
    "<4,>=3.7"
  ],
  "resolver_version": "pip-2020-resolver",
  "style": "universal",
  "target_systems": [
    "linux",
    "mac"
  ],
  "transitive": true,
  "use_pep517": null
}
