# This lockfile was autogenerated by Pants. To regenerate, run:
#
#    ./pants generate-lockfiles --resolve=isort
#
# --- BEGIN PANTS LOCKFILE METADATA: DO NOT EDIT OR REMOVE ---
# {
#   "version": 2,
#   "valid_for_interpreter_constraints": [
#     "CPython<4,>=3.7"
#   ],
#   "generated_with_requirements": [
#     "isort==5.8.0"
#   ]
# }
# --- END PANTS LOCKFILE METADATA ---

isort==5.8.0; python_version >= "3.6" and python_version < "4.0" \
    --hash=sha256:2bb1680aad211e3c9944dbce1d4ba09a989f04e238296c87fe2139faa26d655d \
    --hash=sha256:0a943902919f65c5684ac4e0154b1ad4fac6dcaa5d9f3426b732f1c8b5419be6
