# This lockfile was autogenerated by Pants. To regenerate, run:
#
#    ./pants generate-lockfiles --resolve=mypy
#
# --- BEGIN PANTS LOCKFILE METADATA: DO NOT EDIT OR REMOVE ---
# {
#   "version": 2,
#   "valid_for_interpreter_constraints": [
#     "CPython>=3.6"
#   ],
#   "generated_with_requirements": [
#     "django-stubs==1.6.0",
#     "djangorestframework-stubs==1.2.0",
#     "mypy==0.782"
#   ]
# }
# --- END PANTS LOCKFILE METADATA ---

asgiref==3.4.1; python_version >= "3.6" \
    --hash=sha256:ffc141aa908e6f175673e7b1b3b7af4fdb0ecb738fc5c8b88f69f055c2415214 \
    --hash=sha256:4ef1ab46b484e3c706329cedeff284a5d40824200638503f5768edb6de7d58e9
django-stubs==1.6.0; python_version >= "3.6" \
    --hash=sha256:5257eaedf50e9a294d45618a878baaa1fc6f21b72ebb927c2a87d37a55ca6c50 \
    --hash=sha256:20759904040bd29783a5ff879b48ad965964b8a9ea9e405cc49a435423d0d5ba
django==3.2.11; python_version >= "3.6" \
    --hash=sha256:0a0a37f0b93aef30c4bf3a839c187e1175bcdeb7e177341da0cb7b8194416891 \
    --hash=sha256:69c94abe5d6b1b088bf475e09b7b74403f943e34da107e798465d2045da27e75
djangorestframework-stubs==1.2.0 \
    --hash=sha256:cd98afa2a7a718689c8aafe162120074976c996f755b0c03d106b6c6c73b95f7 \
    --hash=sha256:5df991dcdf28b2b761645282dfcae53f41d58200291ff7d5c0d028925fd9f215
mypy-extensions==0.4.3; python_version >= "3.6" \
    --hash=sha256:090fedd75945a69ae91ce1303b5824f428daf5a028d2f6ab8a299250a846f15d \
    --hash=sha256:2d82818f5bb3e369420cb3c4060a7970edba416647068eb4c5343488a6c604a8
mypy==0.782; python_version >= "3.5" \
    --hash=sha256:2c6cde8aa3426c1682d35190b59b71f661237d74b053822ea3d748e2c9578a7c \
    --hash=sha256:9c7a9a7ceb2871ba4bac1cf7217a7dd9ccd44c27c2950edbc6dc08530f32ad4e \
    --hash=sha256:c05b9e4fb1d8a41d41dec8786c94f3b95d3c5f528298d769eb8e73d293abc48d \
    --hash=sha256:6731603dfe0ce4352c555c6284c6db0dc935b685e9ce2e4cf220abe1e14386fd \
    --hash=sha256:f05644db6779387ccdb468cc47a44b4356fc2ffa9287135d05b70a98dc83b89a \
    --hash=sha256:b7fbfabdbcc78c4f6fc4712544b9b0d6bf171069c6e0e3cb82440dd10ced3406 \
    --hash=sha256:3fdda71c067d3ddfb21da4b80e2686b71e9e5c72cca65fa216d207a358827f86 \
    --hash=sha256:d7df6eddb6054d21ca4d3c6249cae5578cb4602951fd2b6ee2f5510ffb098707 \
    --hash=sha256:a4a2cbcfc4cbf45cd126f531dedda8485671545b43107ded25ce952aac6fb308 \
    --hash=sha256:6bb93479caa6619d21d6e7160c552c1193f6952f0668cdda2f851156e85186fc \
    --hash=sha256:81c7908b94239c4010e16642c9102bfc958ab14e36048fa77d0be3289dda76ea \
    --hash=sha256:5dd13ff1f2a97f94540fd37a49e5d255950ebcdf446fb597463a40d0df3fac8b \
    --hash=sha256:e0b61738ab504e656d1fe4ff0c0601387a5489ca122d55390ade31f9ca0e252d \
    --hash=sha256:eff7d4a85e9eea55afa34888dfeaccde99e7520b51f867ac28a48492c0b1130c
pytz==2021.3; python_version >= "3.6" \
    --hash=sha256:3672058bc3453457b622aab7a1c3bfd5ab0bdae451512f6cf25f64ed37f5b87c \
    --hash=sha256:acad2d8b20a1af07d4e4c9d2e9285c5ed9104354062f275f3fcd88dcef4f1326
sqlparse==0.4.2; python_version >= "3.6" \
    --hash=sha256:48719e356bb8b42991bdbb1e8b83223757b93789c00910a616a071910ca4a64d \
    --hash=sha256:0c00730c74263a94e5a9919ade150dfc3b19c574389985446148402998287dae
typed-ast==1.4.3; python_version >= "3.6" \
    --hash=sha256:2068531575a125b87a41802130fa7e29f26c09a2833fea68d9a40cf33902eba6 \
    --hash=sha256:c907f561b1e83e93fad565bac5ba9c22d96a54e7ea0267c708bffe863cbe4075 \
    --hash=sha256:1b3ead4a96c9101bef08f9f7d1217c096f31667617b58de957f690c92378b528 \
    --hash=sha256:dde816ca9dac1d9c01dd504ea5967821606f02e510438120091b84e852367428 \
    --hash=sha256:777a26c84bea6cd934422ac2e3b78863a37017618b6e5c08f92ef69853e765d3 \
    --hash=sha256:f8afcf15cc511ada719a88e013cec87c11aff7b91f019295eb4530f96fe5ef2f \
    --hash=sha256:52b1eb8c83f178ab787f3a4283f68258525f8d70f778a2f6dd54d3b5e5fb4341 \
    --hash=sha256:01ae5f73431d21eead5015997ab41afa53aa1fbe252f9da060be5dad2c730ace \
    --hash=sha256:c190f0899e9f9f8b6b7863debfb739abcb21a5c054f911ca3596d12b8a4c4c7f \
    --hash=sha256:398e44cd480f4d2b7ee8d98385ca104e35c81525dd98c519acff1b79bdaac363 \
    --hash=sha256:bff6ad71c81b3bba8fa35f0f1921fb24ff4476235a6e94a26ada2e54370e6da7 \
    --hash=sha256:0fb71b8c643187d7492c1f8352f2c15b4c4af3f6338f21681d3681b3dc31a266 \
    --hash=sha256:760ad187b1041a154f0e4d0f6aae3e40fdb51d6de16e5c99aedadd9246450e9e \
    --hash=sha256:5feca99c17af94057417d744607b82dd0a664fd5e4ca98061480fd8b14b18d04 \
    --hash=sha256:95431a26309a21874005845c21118c83991c63ea800dd44843e42a916aec5899 \
    --hash=sha256:aee0c1256be6c07bd3e1263ff920c325b59849dc95392a05f258bb9b259cf39c \
    --hash=sha256:9ad2c92ec681e02baf81fdfa056fe0d818645efa9af1f1cd5fd6f1bd2bdfd805 \
    --hash=sha256:b36b4f3920103a25e1d5d024d155c504080959582b928e91cb608a65c3a49e1a \
    --hash=sha256:067a74454df670dcaa4e59349a2e5c81e567d8d65458d480a5b3dfecec08c5ff \
    --hash=sha256:7538e495704e2ccda9b234b82423a4038f324f3a10c43bc088a1636180f11a41 \
    --hash=sha256:af3d4a73793725138d6b334d9d247ce7e5f084d96284ed23f22ee626a7b88e39 \
    --hash=sha256:f2362f3cb0f3172c42938946dbc5b7843c2a28aec307c49100c8b38764eb6927 \
    --hash=sha256:dd4a21253f42b8d2b48410cb31fe501d32f8b9fbeb1f55063ad102fe9c425e40 \
    --hash=sha256:f328adcfebed9f11301eaedfa48e15bdece9b519fb27e6a8c01aa52a17ec31b3 \
    --hash=sha256:2c726c276d09fc5c414693a2de063f521052d9ea7c240ce553316f70656c84d4 \
    --hash=sha256:cae53c389825d3b46fb37538441f75d6aecc4174f615d048321b716df2757fb0 \
    --hash=sha256:b9574c6f03f685070d859e75c7f9eeca02d6933273b5e69572e5ff9d5e3931c3 \
    --hash=sha256:209596a4ec71d990d71d5e0d312ac935d86930e6eecff6ccc7007fe54d703808 \
    --hash=sha256:9c6d1a54552b5330bc657b7ef0eae25d00ba7ffe85d9ea8ae6540d2197a3788c \
    --hash=sha256:fb1bbeac803adea29cedd70781399c99138358c26d05fcbd23c13016b7f5ec65
typing-extensions==4.0.1; python_version < "3.8" and python_version >= "3.6" \
    --hash=sha256:7f001e5ac290a0c0401508864c7ec868be4e701886d5b573a9528ed3973d9d3b \
    --hash=sha256:4ca091dea149f945ec56afb48dae714f21e8692ef22a395223bcd328961b6a0e
